
Microsoft Visual Studio Solution File, Format Version 12.00
# Visual Studio 15
VisualStudioVersion = 15.0.27703.2047
MinimumVisualStudioVersion = 10.0.40219.1
Project("{FAE04EC0-301F-11D3-BF4B-00C04F79EFBC}") = "NetStatus.Android", "NetStatus\NetStatus.Android\NetStatus.Android.csproj", "{50B495B8-55FF-4E9B-9450-206B5EE10B56}"
EndProject
Project("{FAE04EC0-301F-11D3-BF4B-00C04F79EFBC}") = "NetStatus.iOS", "NetStatus\NetStatus.iOS\NetStatus.iOS.csproj", "{3A19445A-50B7-413B-BDF6-F359D1D9E90D}"
EndProject
Project("{FAE04EC0-301F-11D3-BF4B-00C04F79EFBC}") = "NetStatus.UWP", "NetStatus\NetStatus.UWP\NetStatus.UWP.csproj", "{01B5EA5D-918B-4E97-8B1A-358F15A56CE4}"
EndProject
Project("{9A19103F-16F7-4668-BE54-9A1E7A4F7556}") = "NetStatus", "NetStatus\NetStatus\NetStatus.csproj", "{57DDDB82-9809-4FE9-BCE0-1B6D2AFD5E50}"
EndProject
Global
	GlobalSection(SolutionConfigurationPlatforms) = preSolution
		Ad-Hoc|Any CPU = Ad-Hoc|Any CPU
		Ad-Hoc|ARM = Ad-Hoc|ARM
		Ad-Hoc|iPhone = Ad-Hoc|iPhone
		Ad-Hoc|iPhoneSimulator = Ad-Hoc|iPhoneSimulator
		Ad-Hoc|x64 = Ad-Hoc|x64
		Ad-Hoc|x86 = Ad-Hoc|x86
		AppStore|Any CPU = AppStore|Any CPU
		AppStore|ARM = AppStore|ARM
		AppStore|iPhone = AppStore|iPhone
		AppStore|iPhoneSimulator = AppStore|iPhoneSimulator
		AppStore|x64 = AppStore|x64
		AppStore|x86 = AppStore|x86
		Debug|Any CPU = Debug|Any CPU
		Debug|ARM = Debug|ARM
		Debug|iPhone = Debug|iPhone
		Debug|iPhoneSimulator = Debug|iPhoneSimulator
		Debug|x64 = Debug|x64
		Debug|x86 = Debug|x86
		Release|Any CPU = Release|Any CPU
		Release|ARM = Release|ARM
		Release|iPhone = Release|iPhone
		Release|iPhoneSimulator = Release|iPhoneSimulator
		Release|x64 = Release|x64
		Release|x86 = Release|x86
	EndGlobalSection
	GlobalSection(ProjectConfigurationPlatforms) = postSolution
		{50B495B8-55FF-4E9B-9450-206B5EE10B56}.Ad-Hoc|Any CPU.ActiveCfg = Release|Any CPU
		{50B495B8-55FF-4E9B-9450-206B5EE10B56}.Ad-Hoc|Any CPU.Build.0 = Release|Any CPU
		{50B495B8-55FF-4E9B-9450-206B5EE10B56}.Ad-Hoc|Any CPU.Deploy.0 = Release|Any CPU
		{50B495B8-55FF-4E9B-9450-206B5EE10B56}.Ad-Hoc|ARM.ActiveCfg = Release|Any CPU
		{50B495B8-55FF-4E9B-9450-206B5EE10B56}.Ad-Hoc|ARM.Build.0 = Release|Any CPU
		{50B495B8-55FF-4E9B-9450-206B5EE10B56}.Ad-Hoc|ARM.Deploy.0 = Release|Any CPU
		{50B495B8-55FF-4E9B-9450-206B5EE10B56}.Ad-Hoc|iPhone.ActiveCfg = Release|Any CPU
		{50B495B8-55FF-4E9B-9450-206B5EE10B56}.Ad-Hoc|iPhone.Build.0 = Release|Any CPU
		{50B495B8-55FF-4E9B-9450-206B5EE10B56}.Ad-Hoc|iPhoneSimulator.ActiveCfg = Release|Any CPU
		{50B495B8-55FF-4E9B-9450-206B5EE10B56}.Ad-Hoc|iPhoneSimulator.Build.0 = Release|Any CPU
		{50B495B8-55FF-4E9B-9450-206B5EE10B56}.Ad-Hoc|iPhoneSimulator.Deploy.0 = Release|Any CPU
		{50B495B8-55FF-4E9B-9450-206B5EE10B56}.Ad-Hoc|x64.ActiveCfg = Release|Any CPU
		{50B495B8-55FF-4E9B-9450-206B5EE10B56}.Ad-Hoc|x64.Build.0 = Release|Any CPU
		{50B495B8-55FF-4E9B-9450-206B5EE10B56}.Ad-Hoc|x64.Deploy.0 = Release|Any CPU
		{50B495B8-55FF-4E9B-9450-206B5EE10B56}.Ad-Hoc|x86.ActiveCfg = Release|Any CPU
		{50B495B8-55FF-4E9B-9450-206B5EE10B56}.Ad-Hoc|x86.Build.0 = Release|Any CPU
		{50B495B8-55FF-4E9B-9450-206B5EE10B56}.AppStore|Any CPU.ActiveCfg = Release|Any CPU
		{50B495B8-55FF-4E9B-9450-206B5EE10B56}.AppStore|Any CPU.Build.0 = Release|Any CPU
		{50B495B8-55FF-4E9B-9450-206B5EE10B56}.AppStore|Any CPU.Deploy.0 = Release|Any CPU
		{50B495B8-55FF-4E9B-9450-206B5EE10B56}.AppStore|ARM.ActiveCfg = Release|Any CPU
		{50B495B8-55FF-4E9B-9450-206B5EE10B56}.AppStore|ARM.Build.0 = Release|Any CPU
		{50B495B8-55FF-4E9B-9450-206B5EE10B56}.AppStore|ARM.Deploy.0 = Release|Any CPU
		{50B495B8-55FF-4E9B-9450-206B5EE10B56}.AppStore|iPhone.ActiveCfg = Release|Any CPU
		{50B495B8-55FF-4E9B-9450-206B5EE10B56}.AppStore|iPhone.Build.0 = Release|Any CPU
		{50B495B8-55FF-4E9B-9450-206B5EE10B56}.AppStore|iPhoneSimulator.ActiveCfg = Release|Any CPU
		{50B495B8-55FF-4E9B-9450-206B5EE10B56}.AppStore|iPhoneSimulator.Build.0 = Release|Any CPU
		{50B495B8-55FF-4E9B-9450-206B5EE10B56}.AppStore|iPhoneSimulator.Deploy.0 = Release|Any CPU
		{50B495B8-55FF-4E9B-9450-206B5EE10B56}.AppStore|x64.ActiveCfg = Release|Any CPU
		{50B495B8-55FF-4E9B-9450-206B5EE10B56}.AppStore|x64.Build.0 = Release|Any CPU
		{50B495B8-55FF-4E9B-9450-206B5EE10B56}.AppStore|x64.Deploy.0 = Release|Any CPU
		{50B495B8-55FF-4E9B-9450-206B5EE10B56}.AppStore|x86.ActiveCfg = Release|Any CPU
		{50B495B8-55FF-4E9B-9450-206B5EE10B56}.AppStore|x86.Build.0 = Release|Any CPU
		{50B495B8-55FF-4E9B-9450-206B5EE10B56}.Debug|Any CPU.ActiveCfg = Debug|Any CPU
		{50B495B8-55FF-4E9B-9450-206B5EE10B56}.Debug|Any CPU.Build.0 = Debug|Any CPU
		{50B495B8-55FF-4E9B-9450-206B5EE10B56}.Debug|Any CPU.Deploy.0 = Debug|Any CPU
		{50B495B8-55FF-4E9B-9450-206B5EE10B56}.Debug|ARM.ActiveCfg = Debug|Any CPU
		{50B495B8-55FF-4E9B-9450-206B5EE10B56}.Debug|ARM.Build.0 = Debug|Any CPU
		{50B495B8-55FF-4E9B-9450-206B5EE10B56}.Debug|ARM.Deploy.0 = Debug|Any CPU
		{50B495B8-55FF-4E9B-9450-206B5EE10B56}.Debug|iPhone.ActiveCfg = Debug|Any CPU
		{50B495B8-55FF-4E9B-9450-206B5EE10B56}.Debug|iPhone.Build.0 = Debug|Any CPU
		{50B495B8-55FF-4E9B-9450-206B5EE10B56}.Debug|iPhoneSimulator.ActiveCfg = Debug|Any CPU
		{50B495B8-55FF-4E9B-9450-206B5EE10B56}.Debug|iPhoneSimulator.Build.0 = Debug|Any CPU
		{50B495B8-55FF-4E9B-9450-206B5EE10B56}.Debug|iPhoneSimulator.Deploy.0 = Debug|Any CPU
		{50B495B8-55FF-4E9B-9450-206B5EE10B56}.Debug|x64.ActiveCfg = Debug|Any CPU
		{50B495B8-55FF-4E9B-9450-206B5EE10B56}.Debug|x64.Build.0 = Debug|Any CPU
		{50B495B8-55FF-4E9B-9450-206B5EE10B56}.Debug|x64.Deploy.0 = Debug|Any CPU
		{50B495B8-55FF-4E9B-9450-206B5EE10B56}.Debug|x86.ActiveCfg = Debug|Any CPU
		{50B495B8-55FF-4E9B-9450-206B5EE10B56}.Debug|x86.Build.0 = Debug|Any CPU
		{50B495B8-55FF-4E9B-9450-206B5EE10B56}.Release|Any CPU.ActiveCfg = Release|Any CPU
		{50B495B8-55FF-4E9B-9450-206B5EE10B56}.Release|Any CPU.Build.0 = Release|Any CPU
		{50B495B8-55FF-4E9B-9450-206B5EE10B56}.Release|Any CPU.Deploy.0 = Release|Any CPU
		{50B495B8-55FF-4E9B-9450-206B5EE10B56}.Release|ARM.ActiveCfg = Release|Any CPU
		{50B495B8-55FF-4E9B-9450-206B5EE10B56}.Release|ARM.Build.0 = Release|Any CPU
		{50B495B8-55FF-4E9B-9450-206B5EE10B56}.Release|ARM.Deploy.0 = Release|Any CPU
		{50B495B8-55FF-4E9B-9450-206B5EE10B56}.Release|iPhone.ActiveCfg = Release|Any CPU
		{50B495B8-55FF-4E9B-9450-206B5EE10B56}.Release|iPhone.Build.0 = Release|Any CPU
		{50B495B8-55FF-4E9B-9450-206B5EE10B56}.Release|iPhoneSimulator.ActiveCfg = Release|Any CPU
		{50B495B8-55FF-4E9B-9450-206B5EE10B56}.Release|iPhoneSimulator.Build.0 = Release|Any CPU
		{50B495B8-55FF-4E9B-9450-206B5EE10B56}.Release|iPhoneSimulator.Deploy.0 = Release|Any CPU
		{50B495B8-55FF-4E9B-9450-206B5EE10B56}.Release|x64.ActiveCfg = Release|Any CPU
		{50B495B8-55FF-4E9B-9450-206B5EE10B56}.Release|x64.Build.0 = Release|Any CPU
		{50B495B8-55FF-4E9B-9450-206B5EE10B56}.Release|x64.Deploy.0 = Release|Any CPU
		{50B495B8-55FF-4E9B-9450-206B5EE10B56}.Release|x86.ActiveCfg = Release|Any CPU
		{50B495B8-55FF-4E9B-9450-206B5EE10B56}.Release|x86.Build.0 = Release|Any CPU
		{3A19445A-50B7-413B-BDF6-F359D1D9E90D}.Ad-Hoc|Any CPU.ActiveCfg = Ad-Hoc|iPhone
		{3A19445A-50B7-413B-BDF6-F359D1D9E90D}.Ad-Hoc|Any CPU.Build.0 = Ad-Hoc|iPhone
		{3A19445A-50B7-413B-BDF6-F359D1D9E90D}.Ad-Hoc|Any CPU.Deploy.0 = Ad-Hoc|iPhone
		{3A19445A-50B7-413B-BDF6-F359D1D9E90D}.Ad-Hoc|ARM.ActiveCfg = Ad-Hoc|iPhone
		{3A19445A-50B7-413B-BDF6-F359D1D9E90D}.Ad-Hoc|ARM.Build.0 = Ad-Hoc|iPhone
		{3A19445A-50B7-413B-BDF6-F359D1D9E90D}.Ad-Hoc|ARM.Deploy.0 = Ad-Hoc|iPhone
		{3A19445A-50B7-413B-BDF6-F359D1D9E90D}.Ad-Hoc|iPhone.ActiveCfg = Ad-Hoc|iPhone
		{3A19445A-50B7-413B-BDF6-F359D1D9E90D}.Ad-Hoc|iPhone.Build.0 = Ad-Hoc|iPhone
		{3A19445A-50B7-413B-BDF6-F359D1D9E90D}.Ad-Hoc|iPhone.Deploy.0 = Ad-Hoc|iPhone
		{3A19445A-50B7-413B-BDF6-F359D1D9E90D}.Ad-Hoc|iPhoneSimulator.ActiveCfg = Ad-Hoc|iPhoneSimulator
		{3A19445A-50B7-413B-BDF6-F359D1D9E90D}.Ad-Hoc|iPhoneSimulator.Build.0 = Ad-Hoc|iPhoneSimulator
		{3A19445A-50B7-413B-BDF6-F359D1D9E90D}.Ad-Hoc|iPhoneSimulator.Deploy.0 = Ad-Hoc|iPhoneSimulator
		{3A19445A-50B7-413B-BDF6-F359D1D9E90D}.Ad-Hoc|x64.ActiveCfg = Ad-Hoc|iPhone
		{3A19445A-50B7-413B-BDF6-F359D1D9E90D}.Ad-Hoc|x64.Build.0 = Ad-Hoc|iPhone
		{3A19445A-50B7-413B-BDF6-F359D1D9E90D}.Ad-Hoc|x64.Deploy.0 = Ad-Hoc|iPhone
		{3A19445A-50B7-413B-BDF6-F359D1D9E90D}.Ad-Hoc|x86.ActiveCfg = Ad-Hoc|iPhone
		{3A19445A-50B7-413B-BDF6-F359D1D9E90D}.Ad-Hoc|x86.Build.0 = Ad-Hoc|iPhone
		{3A19445A-50B7-413B-BDF6-F359D1D9E90D}.Ad-Hoc|x86.Deploy.0 = Ad-Hoc|iPhone
		{3A19445A-50B7-413B-BDF6-F359D1D9E90D}.AppStore|Any CPU.ActiveCfg = AppStore|iPhone
		{3A19445A-50B7-413B-BDF6-F359D1D9E90D}.AppStore|Any CPU.Build.0 = AppStore|iPhone
		{3A19445A-50B7-413B-BDF6-F359D1D9E90D}.AppStore|Any CPU.Deploy.0 = AppStore|iPhone
		{3A19445A-50B7-413B-BDF6-F359D1D9E90D}.AppStore|ARM.ActiveCfg = AppStore|iPhone
		{3A19445A-50B7-413B-BDF6-F359D1D9E90D}.AppStore|ARM.Build.0 = AppStore|iPhone
		{3A19445A-50B7-413B-BDF6-F359D1D9E90D}.AppStore|ARM.Deploy.0 = AppStore|iPhone
		{3A19445A-50B7-413B-BDF6-F359D1D9E90D}.AppStore|iPhone.ActiveCfg = AppStore|iPhone
		{3A19445A-50B7-413B-BDF6-F359D1D9E90D}.AppStore|iPhone.Build.0 = AppStore|iPhone
		{3A19445A-50B7-413B-BDF6-F359D1D9E90D}.AppStore|iPhone.Deploy.0 = AppStore|iPhone
		{3A19445A-50B7-413B-BDF6-F359D1D9E90D}.AppStore|iPhoneSimulator.ActiveCfg = AppStore|iPhoneSimulator
		{3A19445A-50B7-413B-BDF6-F359D1D9E90D}.AppStore|iPhoneSimulator.Build.0 = AppStore|iPhoneSimulator
		{3A19445A-50B7-413B-BDF6-F359D1D9E90D}.AppStore|iPhoneSimulator.Deploy.0 = AppStore|iPhoneSimulator
		{3A19445A-50B7-413B-BDF6-F359D1D9E90D}.AppStore|x64.ActiveCfg = AppStore|iPhone
		{3A19445A-50B7-413B-BDF6-F359D1D9E90D}.AppStore|x64.Build.0 = AppStore|iPhone
		{3A19445A-50B7-413B-BDF6-F359D1D9E90D}.AppStore|x64.Deploy.0 = AppStore|iPhone
		{3A19445A-50B7-413B-BDF6-F359D1D9E90D}.AppStore|x86.ActiveCfg = AppStore|iPhone
		{3A19445A-50B7-413B-BDF6-F359D1D9E90D}.AppStore|x86.Build.0 = AppStore|iPhone
		{3A19445A-50B7-413B-BDF6-F359D1D9E90D}.AppStore|x86.Deploy.0 = AppStore|iPhone
		{3A19445A-50B7-413B-BDF6-F359D1D9E90D}.Debug|Any CPU.ActiveCfg = Debug|iPhoneSimulator
		{3A19445A-50B7-413B-BDF6-F359D1D9E90D}.Debug|Any CPU.Build.0 = Debug|iPhoneSimulator
		{3A19445A-50B7-413B-BDF6-F359D1D9E90D}.Debug|Any CPU.Deploy.0 = Debug|iPhoneSimulator
		{3A19445A-50B7-413B-BDF6-F359D1D9E90D}.Debug|ARM.ActiveCfg = Debug|iPhone
		{3A19445A-50B7-413B-BDF6-F359D1D9E90D}.Debug|ARM.Build.0 = Debug|iPhone
		{3A19445A-50B7-413B-BDF6-F359D1D9E90D}.Debug|ARM.Deploy.0 = Debug|iPhone
		{3A19445A-50B7-413B-BDF6-F359D1D9E90D}.Debug|iPhone.ActiveCfg = Debug|iPhone
		{3A19445A-50B7-413B-BDF6-F359D1D9E90D}.Debug|iPhone.Build.0 = Debug|iPhone
		{3A19445A-50B7-413B-BDF6-F359D1D9E90D}.Debug|iPhone.Deploy.0 = Debug|iPhone
		{3A19445A-50B7-413B-BDF6-F359D1D9E90D}.Debug|iPhoneSimulator.ActiveCfg = Debug|iPhoneSimulator
		{3A19445A-50B7-413B-BDF6-F359D1D9E90D}.Debug|iPhoneSimulator.Build.0 = Debug|iPhoneSimulator
		{3A19445A-50B7-413B-BDF6-F359D1D9E90D}.Debug|iPhoneSimulator.Deploy.0 = Debug|iPhoneSimulator
		{3A19445A-50B7-413B-BDF6-F359D1D9E90D}.Debug|x64.ActiveCfg = Debug|iPhone
		{3A19445A-50B7-413B-BDF6-F359D1D9E90D}.Debug|x64.Build.0 = Debug|iPhone
		{3A19445A-50B7-413B-BDF6-F359D1D9E90D}.Debug|x64.Deploy.0 = Debug|iPhone
		{3A19445A-50B7-413B-BDF6-F359D1D9E90D}.Debug|x86.ActiveCfg = Debug|iPhone
		{3A19445A-50B7-413B-BDF6-F359D1D9E90D}.Debug|x86.Build.0 = Debug|iPhone
		{3A19445A-50B7-413B-BDF6-F359D1D9E90D}.Debug|x86.Deploy.0 = Debug|iPhone
		{3A19445A-50B7-413B-BDF6-F359D1D9E90D}.Release|Any CPU.ActiveCfg = Release|iPhone
		{3A19445A-50B7-413B-BDF6-F359D1D9E90D}.Release|Any CPU.Build.0 = Release|iPhone
		{3A19445A-50B7-413B-BDF6-F359D1D9E90D}.Release|Any CPU.Deploy.0 = Release|iPhone
		{3A19445A-50B7-413B-BDF6-F359D1D9E90D}.Release|ARM.ActiveCfg = Release|iPhone
		{3A19445A-50B7-413B-BDF6-F359D1D9E90D}.Release|ARM.Build.0 = Release|iPhone
		{3A19445A-50B7-413B-BDF6-F359D1D9E90D}.Release|ARM.Deploy.0 = Release|iPhone
		{3A19445A-50B7-413B-BDF6-F359D1D9E90D}.Release|iPhone.ActiveCfg = Release|iPhone
		{3A19445A-50B7-413B-BDF6-F359D1D9E90D}.Release|iPhone.Build.0 = Release|iPhone
		{3A19445A-50B7-413B-BDF6-F359D1D9E90D}.Release|iPhone.Deploy.0 = Release|iPhone
		{3A19445A-50B7-413B-BDF6-F359D1D9E90D}.Release|iPhoneSimulator.ActiveCfg = Release|iPhoneSimulator
		{3A19445A-50B7-413B-BDF6-F359D1D9E90D}.Release|iPhoneSimulator.Build.0 = Release|iPhoneSimulator
		{3A19445A-50B7-413B-BDF6-F359D1D9E90D}.Release|iPhoneSimulator.Deploy.0 = Release|iPhoneSimulator
		{3A19445A-50B7-413B-BDF6-F359D1D9E90D}.Release|x64.ActiveCfg = Release|iPhone
		{3A19445A-50B7-413B-BDF6-F359D1D9E90D}.Release|x64.Build.0 = Release|iPhone
		{3A19445A-50B7-413B-BDF6-F359D1D9E90D}.Release|x64.Deploy.0 = Release|iPhone
		{3A19445A-50B7-413B-BDF6-F359D1D9E90D}.Release|x86.ActiveCfg = Release|iPhone
		{3A19445A-50B7-413B-BDF6-F359D1D9E90D}.Release|x86.Build.0 = Release|iPhone
		{3A19445A-50B7-413B-BDF6-F359D1D9E90D}.Release|x86.Deploy.0 = Release|iPhone
		{01B5EA5D-918B-4E97-8B1A-358F15A56CE4}.Ad-Hoc|Any CPU.ActiveCfg = Release|x86
		{01B5EA5D-918B-4E97-8B1A-358F15A56CE4}.Ad-Hoc|Any CPU.Build.0 = Release|x86
		{01B5EA5D-918B-4E97-8B1A-358F15A56CE4}.Ad-Hoc|ARM.ActiveCfg = Release|ARM
		{01B5EA5D-918B-4E97-8B1A-358F15A56CE4}.Ad-Hoc|ARM.Build.0 = Release|ARM
		{01B5EA5D-918B-4E97-8B1A-358F15A56CE4}.Ad-Hoc|ARM.Deploy.0 = Release|ARM
		{01B5EA5D-918B-4E97-8B1A-358F15A56CE4}.Ad-Hoc|iPhone.ActiveCfg = Release|x86
		{01B5EA5D-918B-4E97-8B1A-358F15A56CE4}.Ad-Hoc|iPhone.Build.0 = Release|x86
		{01B5EA5D-918B-4E97-8B1A-358F15A56CE4}.Ad-Hoc|iPhoneSimulator.ActiveCfg = Release|x86
		{01B5EA5D-918B-4E97-8B1A-358F15A56CE4}.Ad-Hoc|iPhoneSimulator.Build.0 = Release|x86
		{01B5EA5D-918B-4E97-8B1A-358F15A56CE4}.Ad-Hoc|iPhoneSimulator.Deploy.0 = Release|x86
		{01B5EA5D-918B-4E97-8B1A-358F15A56CE4}.Ad-Hoc|x64.ActiveCfg = Release|x64
		{01B5EA5D-918B-4E97-8B1A-358F15A56CE4}.Ad-Hoc|x64.Build.0 = Release|x64
		{01B5EA5D-918B-4E97-8B1A-358F15A56CE4}.Ad-Hoc|x64.Deploy.0 = Release|x64
		{01B5EA5D-918B-4E97-8B1A-358F15A56CE4}.Ad-Hoc|x86.ActiveCfg = Release|x86
		{01B5EA5D-918B-4E97-8B1A-358F15A56CE4}.Ad-Hoc|x86.Build.0 = Release|x86
		{01B5EA5D-918B-4E97-8B1A-358F15A56CE4}.Ad-Hoc|x86.Deploy.0 = Release|x86
		{01B5EA5D-918B-4E97-8B1A-358F15A56CE4}.AppStore|Any CPU.ActiveCfg = Release|x86
		{01B5EA5D-918B-4E97-8B1A-358F15A56CE4}.AppStore|Any CPU.Build.0 = Release|x86
		{01B5EA5D-918B-4E97-8B1A-358F15A56CE4}.AppStore|ARM.ActiveCfg = Release|ARM
		{01B5EA5D-918B-4E97-8B1A-358F15A56CE4}.AppStore|ARM.Build.0 = Release|ARM
		{01B5EA5D-918B-4E97-8B1A-358F15A56CE4}.AppStore|ARM.Deploy.0 = Release|ARM
		{01B5EA5D-918B-4E97-8B1A-358F15A56CE4}.AppStore|iPhone.ActiveCfg = Release|x86
		{01B5EA5D-918B-4E97-8B1A-358F15A56CE4}.AppStore|iPhone.Build.0 = Release|x86
		{01B5EA5D-918B-4E97-8B1A-358F15A56CE4}.AppStore|iPhoneSimulator.ActiveCfg = Release|x86
		{01B5EA5D-918B-4E97-8B1A-358F15A56CE4}.AppStore|iPhoneSimulator.Build.0 = Release|x86
		{01B5EA5D-918B-4E97-8B1A-358F15A56CE4}.AppStore|iPhoneSimulator.Deploy.0 = Release|x86
		{01B5EA5D-918B-4E97-8B1A-358F15A56CE4}.AppStore|x64.ActiveCfg = Release|x64
		{01B5EA5D-918B-4E97-8B1A-358F15A56CE4}.AppStore|x64.Build.0 = Release|x64
		{01B5EA5D-918B-4E97-8B1A-358F15A56CE4}.AppStore|x64.Deploy.0 = Release|x64
		{01B5EA5D-918B-4E97-8B1A-358F15A56CE4}.AppStore|x86.ActiveCfg = Release|x86
		{01B5EA5D-918B-4E97-8B1A-358F15A56CE4}.AppStore|x86.Build.0 = Release|x86
		{01B5EA5D-918B-4E97-8B1A-358F15A56CE4}.AppStore|x86.Deploy.0 = Release|x86
		{01B5EA5D-918B-4E97-8B1A-358F15A56CE4}.Debug|Any CPU.ActiveCfg = Debug|x86
		{01B5EA5D-918B-4E97-8B1A-358F15A56CE4}.Debug|Any CPU.Build.0 = Debug|x86
		{01B5EA5D-918B-4E97-8B1A-358F15A56CE4}.Debug|ARM.ActiveCfg = Debug|ARM
		{01B5EA5D-918B-4E97-8B1A-358F15A56CE4}.Debug|ARM.Build.0 = Debug|ARM
		{01B5EA5D-918B-4E97-8B1A-358F15A56CE4}.Debug|ARM.Deploy.0 = Debug|ARM
		{01B5EA5D-918B-4E97-8B1A-358F15A56CE4}.Debug|iPhone.ActiveCfg = Debug|x86
		{01B5EA5D-918B-4E97-8B1A-358F15A56CE4}.Debug|iPhone.Build.0 = Debug|x86
		{01B5EA5D-918B-4E97-8B1A-358F15A56CE4}.Debug|iPhoneSimulator.ActiveCfg = Debug|x86
		{01B5EA5D-918B-4E97-8B1A-358F15A56CE4}.Debug|iPhoneSimulator.Build.0 = Debug|x86
		{01B5EA5D-918B-4E97-8B1A-358F15A56CE4}.Debug|iPhoneSimulator.Deploy.0 = Debug|x86
		{01B5EA5D-918B-4E97-8B1A-358F15A56CE4}.Debug|x64.ActiveCfg = Debug|x64
		{01B5EA5D-918B-4E97-8B1A-358F15A56CE4}.Debug|x64.Build.0 = Debug|x64
		{01B5EA5D-918B-4E97-8B1A-358F15A56CE4}.Debug|x64.Deploy.0 = Debug|x64
		{01B5EA5D-918B-4E97-8B1A-358F15A56CE4}.Debug|x86.ActiveCfg = Debug|x86
		{01B5EA5D-918B-4E97-8B1A-358F15A56CE4}.Debug|x86.Build.0 = Debug|x86
		{01B5EA5D-918B-4E97-8B1A-358F15A56CE4}.Debug|x86.Deploy.0 = Debug|x86
		{01B5EA5D-918B-4E97-8B1A-358F15A56CE4}.Release|Any CPU.ActiveCfg = Release|x86
		{01B5EA5D-918B-4E97-8B1A-358F15A56CE4}.Release|Any CPU.Build.0 = Release|x86
		{01B5EA5D-918B-4E97-8B1A-358F15A56CE4}.Release|ARM.ActiveCfg = Release|ARM
		{01B5EA5D-918B-4E97-8B1A-358F15A56CE4}.Release|ARM.Build.0 = Release|ARM
		{01B5EA5D-918B-4E97-8B1A-358F15A56CE4}.Release|ARM.Deploy.0 = Release|ARM
		{01B5EA5D-918B-4E97-8B1A-358F15A56CE4}.Release|iPhone.ActiveCfg = Release|x86
		{01B5EA5D-918B-4E97-8B1A-358F15A56CE4}.Release|iPhone.Build.0 = Release|x86
		{01B5EA5D-918B-4E97-8B1A-358F15A56CE4}.Release|iPhoneSimulator.ActiveCfg = Release|x86
		{01B5EA5D-918B-4E97-8B1A-358F15A56CE4}.Release|iPhoneSimulator.Build.0 = Release|x86
		{01B5EA5D-918B-4E97-8B1A-358F15A56CE4}.Release|iPhoneSimulator.Deploy.0 = Release|x86
		{01B5EA5D-918B-4E97-8B1A-358F15A56CE4}.Release|x64.ActiveCfg = Release|x64
		{01B5EA5D-918B-4E97-8B1A-358F15A56CE4}.Release|x64.Build.0 = Release|x64
		{01B5EA5D-918B-4E97-8B1A-358F15A56CE4}.Release|x64.Deploy.0 = Release|x64
		{01B5EA5D-918B-4E97-8B1A-358F15A56CE4}.Release|x86.ActiveCfg = Release|x86
		{01B5EA5D-918B-4E97-8B1A-358F15A56CE4}.Release|x86.Build.0 = Release|x86
		{01B5EA5D-918B-4E97-8B1A-358F15A56CE4}.Release|x86.Deploy.0 = Release|x86
		{57DDDB82-9809-4FE9-BCE0-1B6D2AFD5E50}.Ad-Hoc|Any CPU.ActiveCfg = Debug|Any CPU
		{57DDDB82-9809-4FE9-BCE0-1B6D2AFD5E50}.Ad-Hoc|Any CPU.Build.0 = Debug|Any CPU
		{57DDDB82-9809-4FE9-BCE0-1B6D2AFD5E50}.Ad-Hoc|Any CPU.Deploy.0 = Debug|Any CPU
		{57DDDB82-9809-4FE9-BCE0-1B6D2AFD5E50}.Ad-Hoc|ARM.ActiveCfg = Debug|Any CPU
		{57DDDB82-9809-4FE9-BCE0-1B6D2AFD5E50}.Ad-Hoc|ARM.Build.0 = Debug|Any CPU
		{57DDDB82-9809-4FE9-BCE0-1B6D2AFD5E50}.Ad-Hoc|ARM.Deploy.0 = Debug|Any CPU
		{57DDDB82-9809-4FE9-BCE0-1B6D2AFD5E50}.Ad-Hoc|iPhone.ActiveCfg = Debug|Any CPU
		{57DDDB82-9809-4FE9-BCE0-1B6D2AFD5E50}.Ad-Hoc|iPhone.Build.0 = Debug|Any CPU
		{57DDDB82-9809-4FE9-BCE0-1B6D2AFD5E50}.Ad-Hoc|iPhone.Deploy.0 = Debug|Any CPU
		{57DDDB82-9809-4FE9-BCE0-1B6D2AFD5E50}.Ad-Hoc|iPhoneSimulator.ActiveCfg = Debug|Any CPU
		{57DDDB82-9809-4FE9-BCE0-1B6D2AFD5E50}.Ad-Hoc|iPhoneSimulator.Build.0 = Debug|Any CPU
		{57DDDB82-9809-4FE9-BCE0-1B6D2AFD5E50}.Ad-Hoc|iPhoneSimulator.Deploy.0 = Debug|Any CPU
		{57DDDB82-9809-4FE9-BCE0-1B6D2AFD5E50}.Ad-Hoc|x64.ActiveCfg = Debug|Any CPU
		{57DDDB82-9809-4FE9-BCE0-1B6D2AFD5E50}.Ad-Hoc|x64.Build.0 = Debug|Any CPU
		{57DDDB82-9809-4FE9-BCE0-1B6D2AFD5E50}.Ad-Hoc|x64.Deploy.0 = Debug|Any CPU
		{57DDDB82-9809-4FE9-BCE0-1B6D2AFD5E50}.Ad-Hoc|x86.ActiveCfg = Debug|Any CPU
		{57DDDB82-9809-4FE9-BCE0-1B6D2AFD5E50}.Ad-Hoc|x86.Build.0 = Debug|Any CPU
		{57DDDB82-9809-4FE9-BCE0-1B6D2AFD5E50}.Ad-Hoc|x86.Deploy.0 = Debug|Any CPU
		{57DDDB82-9809-4FE9-BCE0-1B6D2AFD5E50}.AppStore|Any CPU.ActiveCfg = Debug|Any CPU
		{57DDDB82-9809-4FE9-BCE0-1B6D2AFD5E50}.AppStore|Any CPU.Build.0 = Debug|Any CPU
		{57DDDB82-9809-4FE9-BCE0-1B6D2AFD5E50}.AppStore|Any CPU.Deploy.0 = Debug|Any CPU
		{57DDDB82-9809-4FE9-BCE0-1B6D2AFD5E50}.AppStore|ARM.ActiveCfg = Debug|Any CPU
		{57DDDB82-9809-4FE9-BCE0-1B6D2AFD5E50}.AppStore|ARM.Build.0 = Debug|Any CPU
		{57DDDB82-9809-4FE9-BCE0-1B6D2AFD5E50}.AppStore|ARM.Deploy.0 = Debug|Any CPU
		{57DDDB82-9809-4FE9-BCE0-1B6D2AFD5E50}.AppStore|iPhone.ActiveCfg = Debug|Any CPU
		{57DDDB82-9809-4FE9-BCE0-1B6D2AFD5E50}.AppStore|iPhone.Build.0 = Debug|Any CPU
		{57DDDB82-9809-4FE9-BCE0-1B6D2AFD5E50}.AppStore|iPhone.Deploy.0 = Debug|Any CPU
		{57DDDB82-9809-4FE9-BCE0-1B6D2AFD5E50}.AppStore|iPhoneSimulator.ActiveCfg = Debug|Any CPU
		{57DDDB82-9809-4FE9-BCE0-1B6D2AFD5E50}.AppStore|iPhoneSimulator.Build.0 = Debug|Any CPU
		{57DDDB82-9809-4FE9-BCE0-1B6D2AFD5E50}.AppStore|iPhoneSimulator.Deploy.0 = Debug|Any CPU
		{57DDDB82-9809-4FE9-BCE0-1B6D2AFD5E50}.AppStore|x64.ActiveCfg = Debug|Any CPU
		{57DDDB82-9809-4FE9-BCE0-1B6D2AFD5E50}.AppStore|x64.Build.0 = Debug|Any CPU
		{57DDDB82-9809-4FE9-BCE0-1B6D2AFD5E50}.AppStore|x64.Deploy.0 = Debug|Any CPU
		{57DDDB82-9809-4FE9-BCE0-1B6D2AFD5E50}.AppStore|x86.ActiveCfg = Debug|Any CPU
		{57DDDB82-9809-4FE9-BCE0-1B6D2AFD5E50}.AppStore|x86.Build.0 = Debug|Any CPU
		{57DDDB82-9809-4FE9-BCE0-1B6D2AFD5E50}.AppStore|x86.Deploy.0 = Debug|Any CPU
		{57DDDB82-9809-4FE9-BCE0-1B6D2AFD5E50}.Debug|Any CPU.ActiveCfg = Debug|Any CPU
		{57DDDB82-9809-4FE9-BCE0-1B6D2AFD5E50}.Debug|Any CPU.Build.0 = Debug|Any CPU
		{57DDDB82-9809-4FE9-BCE0-1B6D2AFD5E50}.Debug|Any CPU.Deploy.0 = Debug|Any CPU
		{57DDDB82-9809-4FE9-BCE0-1B6D2AFD5E50}.Debug|ARM.ActiveCfg = Debug|Any CPU
		{57DDDB82-9809-4FE9-BCE0-1B6D2AFD5E50}.Debug|ARM.Build.0 = Debug|Any CPU
		{57DDDB82-9809-4FE9-BCE0-1B6D2AFD5E50}.Debug|ARM.Deploy.0 = Debug|Any CPU
		{57DDDB82-9809-4FE9-BCE0-1B6D2AFD5E50}.Debug|iPhone.ActiveCfg = Debug|Any CPU
		{57DDDB82-9809-4FE9-BCE0-1B6D2AFD5E50}.Debug|iPhone.Build.0 = Debug|Any CPU
		{57DDDB82-9809-4FE9-BCE0-1B6D2AFD5E50}.Debug|iPhone.Deploy.0 = Debug|Any CPU
		{57DDDB82-9809-4FE9-BCE0-1B6D2AFD5E50}.Debug|iPhoneSimulator.ActiveCfg = Debug|Any CPU
		{57DDDB82-9809-4FE9-BCE0-1B6D2AFD5E50}.Debug|iPhoneSimulator.Build.0 = Debug|Any CPU
		{57DDDB82-9809-4FE9-BCE0-1B6D2AFD5E50}.Debug|iPhoneSimulator.Deploy.0 = Debug|Any CPU
		{57DDDB82-9809-4FE9-BCE0-1B6D2AFD5E50}.Debug|x64.ActiveCfg = Debug|Any CPU
		{57DDDB82-9809-4FE9-BCE0-1B6D2AFD5E50}.Debug|x64.Build.0 = Debug|Any CPU
		{57DDDB82-9809-4FE9-BCE0-1B6D2AFD5E50}.Debug|x64.Deploy.0 = Debug|Any CPU
		{57DDDB82-9809-4FE9-BCE0-1B6D2AFD5E50}.Debug|x86.ActiveCfg = Debug|Any CPU
		{57DDDB82-9809-4FE9-BCE0-1B6D2AFD5E50}.Debug|x86.Build.0 = Debug|Any CPU
		{57DDDB82-9809-4FE9-BCE0-1B6D2AFD5E50}.Debug|x86.Deploy.0 = Debug|Any CPU
		{57DDDB82-9809-4FE9-BCE0-1B6D2AFD5E50}.Release|Any CPU.ActiveCfg = Release|Any CPU
		{57DDDB82-9809-4FE9-BCE0-1B6D2AFD5E50}.Release|Any CPU.Build.0 = Release|Any CPU
		{57DDDB82-9809-4FE9-BCE0-1B6D2AFD5E50}.Release|Any CPU.Deploy.0 = Release|Any CPU
		{57DDDB82-9809-4FE9-BCE0-1B6D2AFD5E50}.Release|ARM.ActiveCfg = Release|Any CPU
		{57DDDB82-9809-4FE9-BCE0-1B6D2AFD5E50}.Release|ARM.Build.0 = Release|Any CPU
		{57DDDB82-9809-4FE9-BCE0-1B6D2AFD5E50}.Release|ARM.Deploy.0 = Release|Any CPU
		{57DDDB82-9809-4FE9-BCE0-1B6D2AFD5E50}.Release|iPhone.ActiveCfg = Release|Any CPU
		{57DDDB82-9809-4FE9-BCE0-1B6D2AFD5E50}.Release|iPhone.Build.0 = Release|Any CPU
		{57DDDB82-9809-4FE9-BCE0-1B6D2AFD5E50}.Release|iPhone.Deploy.0 = Release|Any CPU
		{57DDDB82-9809-4FE9-BCE0-1B6D2AFD5E50}.Release|iPhoneSimulator.ActiveCfg = Release|Any CPU
		{57DDDB82-9809-4FE9-BCE0-1B6D2AFD5E50}.Release|iPhoneSimulator.Build.0 = Release|Any CPU
		{57DDDB82-9809-4FE9-BCE0-1B6D2AFD5E50}.Release|iPhoneSimulator.Deploy.0 = Release|Any CPU
		{57DDDB82-9809-4FE9-BCE0-1B6D2AFD5E50}.Release|x64.ActiveCfg = Release|Any CPU
		{57DDDB82-9809-4FE9-BCE0-1B6D2AFD5E50}.Release|x64.Build.0 = Release|Any CPU
		{57DDDB82-9809-4FE9-BCE0-1B6D2AFD5E50}.Release|x64.Deploy.0 = Release|Any CPU
		{57DDDB82-9809-4FE9-BCE0-1B6D2AFD5E50}.Release|x86.ActiveCfg = Release|Any CPU
		{57DDDB82-9809-4FE9-BCE0-1B6D2AFD5E50}.Release|x86.Build.0 = Release|Any CPU
		{57DDDB82-9809-4FE9-BCE0-1B6D2AFD5E50}.Release|x86.Deploy.0 = Release|Any CPU
	EndGlobalSection
	GlobalSection(SolutionProperties) = preSolution
		HideSolutionNode = FALSE
	EndGlobalSection
	GlobalSection(ExtensibilityGlobals) = postSolution
		SolutionGuid = {9FA48634-AFE4-4B58-9545-533424A7ABF9}
	EndGlobalSection
EndGlobal
